// !$*UTF8*$!
{
	archiveVersion = 1;
	classes = {
	};
	objectVersion = 52;
	objects = {

/* Begin PBXBuildFile section */
		1031F3D3257D4F8B004389A4 /* AppDelegate.swift in Sources */ = {isa = PBXBuildFile; fileRef = 1031F3D2257D4F8B004389A4 /* AppDelegate.swift */; };
		1031F3D5257D4F8B004389A4 /* SceneDelegate.swift in Sources */ = {isa = PBXBuildFile; fileRef = 1031F3D4257D4F8B004389A4 /* SceneDelegate.swift */; };
		1031F3DC257D4F8F004389A4 /* Assets.xcassets in Resources */ = {isa = PBXBuildFile; fileRef = 1031F3DB257D4F8F004389A4 /* Assets.xcassets */; };
		1031F3DF257D4F8F004389A4 /* LaunchScreen.storyboard in Resources */ = {isa = PBXBuildFile; fileRef = 1031F3DD257D4F8F004389A4 /* LaunchScreen.storyboard */; };
		1031F3F2257D51D2004389A4 /* AddItemViewController.m in Sources */ = {isa = PBXBuildFile; fileRef = 1031F3EA257D51D2004389A4 /* AddItemViewController.m */; };
		1031F3F3257D51D2004389A4 /* ViewController.m in Sources */ = {isa = PBXBuildFile; fileRef = 1031F3EB257D51D2004389A4 /* ViewController.m */; };
		1031F3F4257D51D2004389A4 /* ListTableViewCell.m in Sources */ = {isa = PBXBuildFile; fileRef = 1031F3EE257D51D2004389A4 /* ListTableViewCell.m */; };
		1031F3F5257D51D2004389A4 /* AddIncomeViewController.m in Sources */ = {isa = PBXBuildFile; fileRef = 1031F3EF257D51D2004389A4 /* AddIncomeViewController.m */; };
		1031F3FA257D51F1004389A4 /* Main.storyboard in Resources */ = {isa = PBXBuildFile; fileRef = 1031F3F8257D51F1004389A4 /* Main.storyboard */; };
		1031F3FB257D51F1004389A4 /* Entry.swift in Sources */ = {isa = PBXBuildFile; fileRef = 1031F3F9257D51F1004389A4 /* Entry.swift */; };
		1031F415257D5724004389A4 /* FMDB in Frameworks */ = {isa = PBXBuildFile; productRef = 1031F414257D5724004389A4 /* FMDB */; };
		1031F418257D5744004389A4 /* DBManager.swift in Sources */ = {isa = PBXBuildFile; fileRef = 1031F417257D5744004389A4 /* DBManager.swift */; };
/* End PBXBuildFile section */

/* Begin PBXFileReference section */
		1031F3CF257D4F8B004389A4 /* myPocket.app */ = {isa = PBXFileReference; explicitFileType = wrapper.application; includeInIndex = 0; path = myPocket.app; sourceTree = BUILT_PRODUCTS_DIR; };
		1031F3D2257D4F8B004389A4 /* AppDelegate.swift */ = {isa = PBXFileReference; lastKnownFileType = sourcecode.swift; path = AppDelegate.swift; sourceTree = "<group>"; };
		1031F3D4257D4F8B004389A4 /* SceneDelegate.swift */ = {isa = PBXFileReference; lastKnownFileType = sourcecode.swift; path = SceneDelegate.swift; sourceTree = "<group>"; };
		1031F3DB257D4F8F004389A4 /* Assets.xcassets */ = {isa = PBXFileReference; lastKnownFileType = folder.assetcatalog; path = Assets.xcassets; sourceTree = "<group>"; };
		1031F3DE257D4F8F004389A4 /* Base */ = {isa = PBXFileReference; lastKnownFileType = file.storyboard; name = Base; path = Base.lproj/LaunchScreen.storyboard; sourceTree = "<group>"; };
		1031F3E0257D4F8F004389A4 /* Info.plist */ = {isa = PBXFileReference; lastKnownFileType = text.plist.xml; path = Info.plist; sourceTree = "<group>"; };
		1031F3E9257D51D1004389A4 /* myPocket-Bridging-Header.h */ = {isa = PBXFileReference; lastKnownFileType = sourcecode.c.h; path = "myPocket-Bridging-Header.h"; sourceTree = "<group>"; };
		1031F3EA257D51D2004389A4 /* AddItemViewController.m */ = {isa = PBXFileReference; fileEncoding = 4; lastKnownFileType = sourcecode.c.objc; path = AddItemViewController.m; sourceTree = "<group>"; };
		1031F3EB257D51D2004389A4 /* ViewController.m */ = {isa = PBXFileReference; fileEncoding = 4; lastKnownFileType = sourcecode.c.objc; path = ViewController.m; sourceTree = "<group>"; };
		1031F3EC257D51D2004389A4 /* AddIncomeViewController.h */ = {isa = PBXFileReference; fileEncoding = 4; lastKnownFileType = sourcecode.c.h; path = AddIncomeViewController.h; sourceTree = "<group>"; };
		1031F3ED257D51D2004389A4 /* ViewController.h */ = {isa = PBXFileReference; fileEncoding = 4; lastKnownFileType = sourcecode.c.h; path = ViewController.h; sourceTree = "<group>"; };
		1031F3EE257D51D2004389A4 /* ListTableViewCell.m */ = {isa = PBXFileReference; fileEncoding = 4; lastKnownFileType = sourcecode.c.objc; path = ListTableViewCell.m; sourceTree = "<group>"; };
		1031F3EF257D51D2004389A4 /* AddIncomeViewController.m */ = {isa = PBXFileReference; fileEncoding = 4; lastKnownFileType = sourcecode.c.objc; path = AddIncomeViewController.m; sourceTree = "<group>"; };
		1031F3F0257D51D2004389A4 /* ListTableViewCell.h */ = {isa = PBXFileReference; fileEncoding = 4; lastKnownFileType = sourcecode.c.h; path = ListTableViewCell.h; sourceTree = "<group>"; };
		1031F3F1257D51D2004389A4 /* AddItemViewController.h */ = {isa = PBXFileReference; fileEncoding = 4; lastKnownFileType = sourcecode.c.h; path = AddItemViewController.h; sourceTree = "<group>"; };
		1031F3F8257D51F1004389A4 /* Main.storyboard */ = {isa = PBXFileReference; fileEncoding = 4; lastKnownFileType = file.storyboard; path = Main.storyboard; sourceTree = "<group>"; };
		1031F3F9257D51F1004389A4 /* Entry.swift */ = {isa = PBXFileReference; fileEncoding = 4; lastKnownFileType = sourcecode.swift; path = Entry.swift; sourceTree = "<group>"; };
		1031F417257D5744004389A4 /* DBManager.swift */ = {isa = PBXFileReference; fileEncoding = 4; lastKnownFileType = sourcecode.swift; path = DBManager.swift; sourceTree = "<group>"; };
/* End PBXFileReference section */

/* Begin PBXFrameworksBuildPhase section */
		1031F3CC257D4F8B004389A4 /* Frameworks */ = {
			isa = PBXFrameworksBuildPhase;
			buildActionMask = 2147483647;
			files = (
				1031F415257D5724004389A4 /* FMDB in Frameworks */,
			);
			runOnlyForDeploymentPostprocessing = 0;
		};
/* End PBXFrameworksBuildPhase section */

/* Begin PBXGroup section */
		1031F3C6257D4F8B004389A4 = {
			isa = PBXGroup;
			children = (
				1031F3D1257D4F8B004389A4 /* myPocket */,
				1031F3D0257D4F8B004389A4 /* Products */,
			);
			sourceTree = "<group>";
		};
		1031F3D0257D4F8B004389A4 /* Products */ = {
			isa = PBXGroup;
			children = (
				1031F3CF257D4F8B004389A4 /* myPocket.app */,
			);
			name = Products;
			sourceTree = "<group>";
		};
		1031F3D1257D4F8B004389A4 /* myPocket */ = {
			isa = PBXGroup;
			children = (
				1031F3D2257D4F8B004389A4 /* AppDelegate.swift */,
				1031F3D4257D4F8B004389A4 /* SceneDelegate.swift */,
				1031F3EC257D51D2004389A4 /* AddIncomeViewController.h */,
				1031F3EF257D51D2004389A4 /* AddIncomeViewController.m */,
				1031F3F1257D51D2004389A4 /* AddItemViewController.h */,
				1031F3EA257D51D2004389A4 /* AddItemViewController.m */,
				1031F3F0257D51D2004389A4 /* ListTableViewCell.h */,
				1031F3EE257D51D2004389A4 /* ListTableViewCell.m */,
				1031F3ED257D51D2004389A4 /* ViewController.h */,
				1031F3EB257D51D2004389A4 /* ViewController.m */,
				1031F417257D5744004389A4 /* DBManager.swift */,
				1031F3F9257D51F1004389A4 /* Entry.swift */,
				1031F3F8257D51F1004389A4 /* Main.storyboard */,
				1031F3DB257D4F8F004389A4 /* Assets.xcassets */,
				1031F3DD257D4F8F004389A4 /* LaunchScreen.storyboard */,
				1031F3E0257D4F8F004389A4 /* Info.plist */,
				1031F3E9257D51D1004389A4 /* myPocket-Bridging-Header.h */,
			);
			path = myPocket;
			sourceTree = "<group>";
		};
/* End PBXGroup section */

/* Begin PBXNativeTarget section */
		1031F3CE257D4F8B004389A4 /* myPocket */ = {
			isa = PBXNativeTarget;
			buildConfigurationList = 1031F3E3257D4F8F004389A4 /* Build configuration list for PBXNativeTarget "myPocket" */;
			buildPhases = (
				1031F3CB257D4F8B004389A4 /* Sources */,
				1031F3CC257D4F8B004389A4 /* Frameworks */,
				1031F3CD257D4F8B004389A4 /* Resources */,
			);
			buildRules = (
			);
			dependencies = (
			);
			name = myPocket;
			packageProductDependencies = (
				1031F414257D5724004389A4 /* FMDB */,
			);
			productName = myPocket;
			productReference = 1031F3CF257D4F8B004389A4 /* myPocket.app */;
			productType = "com.apple.product-type.application";
		};
/* End PBXNativeTarget section */

/* Begin PBXProject section */
		1031F3C7257D4F8B004389A4 /* Project object */ = {
			isa = PBXProject;
			attributes = {
				LastSwiftUpdateCheck = 1210;
				LastUpgradeCheck = 1210;
				TargetAttributes = {
					1031F3CE257D4F8B004389A4 = {
						CreatedOnToolsVersion = 12.1;
						LastSwiftMigration = 1210;
					};
				};
			};
			buildConfigurationList = 1031F3CA257D4F8B004389A4 /* Build configuration list for PBXProject "myPocket" */;
			compatibilityVersion = "Xcode 9.3";
			developmentRegion = en;
			hasScannedForEncodings = 0;
			knownRegions = (
				en,
				Base,
			);
			mainGroup = 1031F3C6257D4F8B004389A4;
			packageReferences = (
				1031F413257D5724004389A4 /* XCRemoteSwiftPackageReference "fmdb" */,
			);
			productRefGroup = 1031F3D0257D4F8B004389A4 /* Products */;
			projectDirPath = "";
			projectRoot = "";
			targets = (
				1031F3CE257D4F8B004389A4 /* myPocket */,
			);
		};
/* End PBXProject section */

/* Begin PBXResourcesBuildPhase section */
		1031F3CD257D4F8B004389A4 /* Resources */ = {
			isa = PBXResourcesBuildPhase;
			buildActionMask = 2147483647;
			files = (
				1031F3FA257D51F1004389A4 /* Main.storyboard in Resources */,
				1031F3DF257D4F8F004389A4 /* LaunchScreen.storyboard in Resources */,
				1031F3DC257D4F8F004389A4 /* Assets.xcassets in Resources */,
			);
			runOnlyForDeploymentPostprocessing = 0;
		};
/* End PBXResourcesBuildPhase section */

/* Begin PBXSourcesBuildPhase section */
		1031F3CB257D4F8B004389A4 /* Sources */ = {
			isa = PBXSourcesBuildPhase;
			buildActionMask = 2147483647;
			files = (
				1031F3D3257D4F8B004389A4 /* AppDelegate.swift in Sources */,
				1031F3FB257D51F1004389A4 /* Entry.swift in Sources */,
				1031F3F2257D51D2004389A4 /* AddItemViewController.m in Sources */,
				1031F418257D5744004389A4 /* DBManager.swift in Sources */,
				1031F3F3257D51D2004389A4 /* ViewController.m in Sources */,
				1031F3D5257D4F8B004389A4 /* SceneDelegate.swift in Sources */,
				1031F3F4257D51D2004389A4 /* ListTableViewCell.m in Sources */,
				1031F3F5257D51D2004389A4 /* AddIncomeViewController.m in Sources */,
			);
			runOnlyForDeploymentPostprocessing = 0;
		};
/* End PBXSourcesBuildPhase section */

/* Begin PBXVariantGroup section */
		1031F3DD257D4F8F004389A4 /* LaunchScreen.storyboard */ = {
			isa = PBXVariantGroup;
			children = (
				1031F3DE257D4F8F004389A4 /* Base */,
			);
			name = LaunchScreen.storyboard;
			sourceTree = "<group>";
		};
/* End PBXVariantGroup section */

/* Begin XCBuildConfiguration section */
		1031F3E1257D4F8F004389A4 /* Debug */ = {
			isa = XCBuildConfiguration;
			buildSettings = {
				ALWAYS_SEARCH_USER_PATHS = NO;
				CLANG_ANALYZER_NONNULL = YES;
				CLANG_ANALYZER_NUMBER_OBJECT_CONVERSION = YES_AGGRESSIVE;
				CLANG_CXX_LANGUAGE_STANDARD = "gnu++14";
				CLANG_CXX_LIBRARY = "libc++";
				CLANG_ENABLE_MODULES = YES;
				CLANG_ENABLE_OBJC_ARC = YES;
				CLANG_ENABLE_OBJC_WEAK = YES;
				CLANG_WARN_BLOCK_CAPTURE_AUTORELEASING = YES;
				CLANG_WARN_BOOL_CONVERSION = YES;
				CLANG_WARN_COMMA = YES;
				CLANG_WARN_CONSTANT_CONVERSION = YES;
				CLANG_WARN_DEPRECATED_OBJC_IMPLEMENTATIONS = YES;
				CLANG_WARN_DIRECT_OBJC_ISA_USAGE = YES_ERROR;
				CLANG_WARN_DOCUMENTATION_COMMENTS = YES;
				CLANG_WARN_EMPTY_BODY = YES;
				CLANG_WARN_ENUM_CONVERSION = YES;
				CLANG_WARN_INFINITE_RECURSION = YES;
				CLANG_WARN_INT_CONVERSION = YES;
				CLANG_WARN_NON_LITERAL_NULL_CONVERSION = YES;
				CLANG_WARN_OBJC_IMPLICIT_RETAIN_SELF = YES;
				CLANG_WARN_OBJC_LITERAL_CONVERSION = YES;
				CLANG_WARN_OBJC_ROOT_CLASS = YES_ERROR;
				CLANG_WARN_QUOTED_INCLUDE_IN_FRAMEWORK_HEADER = YES;
				CLANG_WARN_RANGE_LOOP_ANALYSIS = YES;
				CLANG_WARN_STRICT_PROTOTYPES = YES;
				CLANG_WARN_SUSPICIOUS_MOVE = YES;
				CLANG_WARN_UNGUARDED_AVAILABILITY = YES_AGGRESSIVE;
				CLANG_WARN_UNREACHABLE_CODE = YES;
				CLANG_WARN__DUPLICATE_METHOD_MATCH = YES;
				COPY_PHASE_STRIP = NO;
				DEBUG_INFORMATION_FORMAT = dwarf;
				ENABLE_STRICT_OBJC_MSGSEND = YES;
				ENABLE_TESTABILITY = YES;
				GCC_C_LANGUAGE_STANDARD = gnu11;
				GCC_DYNAMIC_NO_PIC = NO;
				GCC_NO_COMMON_BLOCKS = YES;
				GCC_OPTIMIZATION_LEVEL = 0;
				GCC_PREPROCESSOR_DEFINITIONS = (
					"DEBUG=1",
					"$(inherited)",
				);
				GCC_WARN_64_TO_32_BIT_CONVERSION = YES;
				GCC_WARN_ABOUT_RETURN_TYPE = YES_ERROR;
				GCC_WARN_UNDECLARED_SELECTOR = YES;
				GCC_WARN_UNINITIALIZED_AUTOS = YES_AGGRESSIVE;
				GCC_WARN_UNUSED_FUNCTION = YES;
				GCC_WARN_UNUSED_VARIABLE = YES;
				IPHONEOS_DEPLOYMENT_TARGET = 9.0;
				MTL_ENABLE_DEBUG_INFO = INCLUDE_SOURCE;
				MTL_FAST_MATH = YES;
				ONLY_ACTIVE_ARCH = YES;
				SDKROOT = iphoneos;
				SWIFT_ACTIVE_COMPILATION_CONDITIONS = DEBUG;
				SWIFT_OPTIMIZATION_LEVEL = "-Onone";
			};
			name = Debug;
		};
		1031F3E2257D4F8F004389A4 /* Release */ = {
			isa = XCBuildConfiguration;
			buildSettings = {
				ALWAYS_SEARCH_USER_PATHS = NO;
				CLANG_ANALYZER_NONNULL = YES;
				CLANG_ANALYZER_NUMBER_OBJECT_CONVERSION = YES_AGGRESSIVE;
				CLANG_CXX_LANGUAGE_STANDARD = "gnu++14";
				CLANG_CXX_LIBRARY = "libc++";
				CLANG_ENABLE_MODULES = YES;
				CLANG_ENABLE_OBJC_ARC = YES;
				CLANG_ENABLE_OBJC_WEAK = YES;
				CLANG_WARN_BLOCK_CAPTURE_AUTORELEASING = YES;
				CLANG_WARN_BOOL_CONVERSION = YES;
				CLANG_WARN_COMMA = YES;
				CLANG_WARN_CONSTANT_CONVERSION = YES;
				CLANG_WARN_DEPRECATED_OBJC_IMPLEMENTATIONS = YES;
				CLANG_WARN_DIRECT_OBJC_ISA_USAGE = YES_ERROR;
				CLANG_WARN_DOCUMENTATION_COMMENTS = YES;
				CLANG_WARN_EMPTY_BODY = YES;
				CLANG_WARN_ENUM_CONVERSION = YES;
				CLANG_WARN_INFINITE_RECURSION = YES;
				CLANG_WARN_INT_CONVERSION = YES;
				CLANG_WARN_NON_LITERAL_NULL_CONVERSION = YES;
				CLANG_WARN_OBJC_IMPLICIT_RETAIN_SELF = YES;
				CLANG_WARN_OBJC_LITERAL_CONVERSION = YES;
				CLANG_WARN_OBJC_ROOT_CLASS = YES_ERROR;
				CLANG_WARN_QUOTED_INCLUDE_IN_FRAMEWORK_HEADER = YES;
				CLANG_WARN_RANGE_LOOP_ANALYSIS = YES;
				CLANG_WARN_STRICT_PROTOTYPES = YES;
				CLANG_WARN_SUSPICIOUS_MOVE = YES;
				CLANG_WARN_UNGUARDED_AVAILABILITY = YES_AGGRESSIVE;
				CLANG_WARN_UNREACHABLE_CODE = YES;
				CLANG_WARN__DUPLICATE_METHOD_MATCH = YES;
				COPY_PHASE_STRIP = NO;
				DEBUG_INFORMATION_FORMAT = "dwarf-with-dsym";
				ENABLE_NS_ASSERTIONS = NO;
				ENABLE_STRICT_OBJC_MSGSEND = YES;
				GCC_C_LANGUAGE_STANDARD = gnu11;
				GCC_NO_COMMON_BLOCKS = YES;
				GCC_WARN_64_TO_32_BIT_CONVERSION = YES;
				GCC_WARN_ABOUT_RETURN_TYPE = YES_ERROR;
				GCC_WARN_UNDECLARED_SELECTOR = YES;
				GCC_WARN_UNINITIALIZED_AUTOS = YES_AGGRESSIVE;
				GCC_WARN_UNUSED_FUNCTION = YES;
				GCC_WARN_UNUSED_VARIABLE = YES;
				IPHONEOS_DEPLOYMENT_TARGET = 9.0;
				MTL_ENABLE_DEBUG_INFO = NO;
				MTL_FAST_MATH = YES;
				SDKROOT = iphoneos;
				SWIFT_COMPILATION_MODE = wholemodule;
				SWIFT_OPTIMIZATION_LEVEL = "-O";
				VALIDATE_PRODUCT = YES;
			};
			name = Release;
		};
		1031F3E4257D4F8F004389A4 /* Debug */ = {
			isa = XCBuildConfiguration;
			buildSettings = {
				ASSETCATALOG_COMPILER_APPICON_NAME = AppIcon;
				ASSETCATALOG_COMPILER_GLOBAL_ACCENT_COLOR_NAME = AccentColor;
				CLANG_ENABLE_MODULES = YES;
				CODE_SIGN_STYLE = Automatic;
				DEVELOPMENT_TEAM = 6T8ZJ7M7C9;
				INFOPLIST_FILE = myPocket/Info.plist;
				IPHONEOS_DEPLOYMENT_TARGET = 9.0;
				LD_RUNPATH_SEARCH_PATHS = (
					"$(inherited)",
					"@executable_path/Frameworks",
				);
				PRODUCT_BUNDLE_IDENTIFIER = com.example.myPocket;
				PRODUCT_NAME = "$(TARGET_NAME)";
				SWIFT_OBJC_BRIDGING_HEADER = "myPocket/myPocket-Bridging-Header.h";
				SWIFT_OPTIMIZATION_LEVEL = "-Onone";
				SWIFT_VERSION = 5.0;
				TARGETED_DEVICE_FAMILY = "1,2";
			};
			name = Debug;
		};
		1031F3E5257D4F8F004389A4 /* Release */ = {
			isa = XCBuildConfiguration;
			buildSettings = {
				ASSETCATALOG_COMPILER_APPICON_NAME = AppIcon;
				ASSETCATALOG_COMPILER_GLOBAL_ACCENT_COLOR_NAME = AccentColor;
				CLANG_ENABLE_MODULES = YES;
				CODE_SIGN_STYLE = Automatic;
				DEVELOPMENT_TEAM = 6T8ZJ7M7C9;
				INFOPLIST_FILE = myPocket/Info.plist;
				IPHONEOS_DEPLOYMENT_TARGET = 9.0;
				LD_RUNPATH_SEARCH_PATHS = (
					"$(inherited)",
					"@executable_path/Frameworks",
				);
				PRODUCT_BUNDLE_IDENTIFIER = com.example.myPocket;
				PRODUCT_NAME = "$(TARGET_NAME)";
				SWIFT_OBJC_BRIDGING_HEADER = "myPocket/myPocket-Bridging-Header.h";
				SWIFT_VERSION = 5.0;
				TARGETED_DEVICE_FAMILY = "1,2";
			};
			name = Release;
		};
/* End XCBuildConfiguration section */

/* Begin XCConfigurationList section */
		1031F3CA257D4F8B004389A4 /* Build configuration list for PBXProject "myPocket" */ = {
			isa = XCConfigurationList;
			buildConfigurations = (
				1031F3E1257D4F8F004389A4 /* Debug */,
				1031F3E2257D4F8F004389A4 /* Release */,
			);
			defaultConfigurationIsVisible = 0;
			defaultConfigurationName = Release;
		};
		1031F3E3257D4F8F004389A4 /* Build configuration list for PBXNativeTarget "myPocket" */ = {
			isa = XCConfigurationList;
			buildConfigurations = (
				1031F3E4257D4F8F004389A4 /* Debug */,
				1031F3E5257D4F8F004389A4 /* Release */,
			);
			defaultConfigurationIsVisible = 0;
			defaultConfigurationName = Release;
		};
/* End XCConfigurationList section */

/* Begin XCRemoteSwiftPackageReference section */
		1031F413257D5724004389A4 /* XCRemoteSwiftPackageReference "fmdb" */ = {
			isa = XCRemoteSwiftPackageReference;
			repositoryURL = "https://github.com/ccgus/fmdb";
			requirement = {
				kind = upToNextMajorVersion;
				minimumVersion = 2.7.7;
			};
		};
/* End XCRemoteSwiftPackageReference section */

/* Begin XCSwiftPackageProductDependency section */
		1031F414257D5724004389A4 /* FMDB */ = {
			isa = XCSwiftPackageProductDependency;
			package = 1031F413257D5724004389A4 /* XCRemoteSwiftPackageReference "fmdb" */;
			productName = FMDB;
		};
/* End XCSwiftPackageProductDependency section */
	};
	rootObject = 1031F3C7257D4F8B004389A4 /* Project object */;
}
